Microsoft Visual Studio Solution File, Format Version 12.00
# Visual Studio Version 17
VisualStudioVersion = 17.5.2.0
MinimumVisualStudioVersion = 10.0.40219.1
Project("{FAE04EC0-301F-11D3-BF4B-00C04F79EFBC}") = "RVToolsMerge", "RVToolsMerge.csproj", "{E4F422ED-5127-72D1-4487-C163558F8C2B}"
EndProject
Global
	GlobalSection(SolutionConfigurationPlatforms) = preSolution
		Debug|Any CPU = Debug|Any CPU
		Release|Any CPU = Release|Any CPU
	EndGlobalSection
	GlobalSection(ProjectConfigurationPlatforms) = postSolution
		{E4F422ED-5127-72D1-4487-C163558F8C2B}.Debug|Any CPU.ActiveCfg = Debug|Any CPU
		{E4F422ED-5127-72D1-4487-C163558F8C2B}.Debug|Any CPU.Build.0 = Debug|Any CPU
		{E4F422ED-5127-72D1-4487-C163558F8C2B}.Release|Any CPU.ActiveCfg = Release|Any CPU
		{E4F422ED-5127-72D1-4487-C163558F8C2B}.Release|Any CPU.Build.0 = Release|Any CPU
	EndGlobalSection
	GlobalSection(SolutionProperties) = preSolution
		HideSolutionNode = FALSE
	EndGlobalSection
	GlobalSection(ExtensibilityGlobals) = postSolution
		SolutionGuid = {F42981DD-A752-4A47-89F8-0F618F45474E}
	EndGlobalSection
EndGlobal
